
Microsoft Visual Studio Solution File, Format Version 12.00
# Visual Studio 2012
Project("{FAE04EC0-301F-11D3-BF4B-00C04F79EFBC}") = "Telepath", "Telepath.csproj", "{26127EB8-E905-4FCA-B3E7-C6AFC72BA2B0}"
EndProject
Project("{2150E333-8FDC-42A3-9474-1A3956D46DE8}") = "addons", "addons", "{E1748B93-FA13-C50B-BD89-C3B777E73FCB}"
EndProject
Project("{2150E333-8FDC-42A3-9474-1A3956D46DE8}") = "Telepath", "Telepath", "{0FA8646B-F44C-C81D-9A9A-78D510B193DD}"
EndProject
Project("{2150E333-8FDC-42A3-9474-1A3956D46DE8}") = "Core", "Core", "{F9534F9B-0380-EFB9-2378-289E7F40B34D}"
EndProject
Project("{FAE04EC0-301F-11D3-BF4B-00C04F79EFBC}") = "Telepath.Core", "addons\Telepath\Core\Telepath.Core.csproj", "{62D55327-EC6A-4B16-A458-4AF1CF9C28BD}"
EndProject
Project("{2150E333-8FDC-42A3-9474-1A3956D46DE8}") = "Godot", "Godot", "{8D19B946-53CD-3EE5-3FED-3D0B8C31F48E}"
EndProject
Project("{FAE04EC0-301F-11D3-BF4B-00C04F79EFBC}") = "Telepath.Godot", "addons\Telepath\Godot\Telepath.Godot.csproj", "{050287DC-9758-4567-A72E-FE19BE3B49C8}"
EndProject
Project("{2150E333-8FDC-42A3-9474-1A3956D46DE8}") = "SourceGenerator", "SourceGenerator", "{7CB60194-9709-1430-4E3F-C4F7DF170AA6}"
EndProject
Project("{FAE04EC0-301F-11D3-BF4B-00C04F79EFBC}") = "Telepath.SourceGenerator", "addons\Telepath\SourceGenerator\Telepath.SourceGenerator.csproj", "{672E3395-90B3-4651-89F0-AA8F380768F6}"
EndProject
Global
	GlobalSection(SolutionConfigurationPlatforms) = preSolution
		Debug|Any CPU = Debug|Any CPU
		Debug|x64 = Debug|x64
		Debug|x86 = Debug|x86
		ExportDebug|Any CPU = ExportDebug|Any CPU
		ExportDebug|x64 = ExportDebug|x64
		ExportDebug|x86 = ExportDebug|x86
		ExportRelease|Any CPU = ExportRelease|Any CPU
		ExportRelease|x64 = ExportRelease|x64
		ExportRelease|x86 = ExportRelease|x86
		Release|Any CPU = Release|Any CPU
		Release|x64 = Release|x64
		Release|x86 = Release|x86
	EndGlobalSection
	GlobalSection(ProjectConfigurationPlatforms) = postSolution
		{26127EB8-E905-4FCA-B3E7-C6AFC72BA2B0}.Debug|Any CPU.ActiveCfg = Debug|Any CPU
		{26127EB8-E905-4FCA-B3E7-C6AFC72BA2B0}.Debug|Any CPU.Build.0 = Debug|Any CPU
		{26127EB8-E905-4FCA-B3E7-C6AFC72BA2B0}.Debug|x64.ActiveCfg = Debug|Any CPU
		{26127EB8-E905-4FCA-B3E7-C6AFC72BA2B0}.Debug|x64.Build.0 = Debug|Any CPU
		{26127EB8-E905-4FCA-B3E7-C6AFC72BA2B0}.Debug|x86.ActiveCfg = Debug|Any CPU
		{26127EB8-E905-4FCA-B3E7-C6AFC72BA2B0}.Debug|x86.Build.0 = Debug|Any CPU
		{26127EB8-E905-4FCA-B3E7-C6AFC72BA2B0}.ExportDebug|Any CPU.ActiveCfg = ExportDebug|Any CPU
		{26127EB8-E905-4FCA-B3E7-C6AFC72BA2B0}.ExportDebug|Any CPU.Build.0 = ExportDebug|Any CPU
		{26127EB8-E905-4FCA-B3E7-C6AFC72BA2B0}.ExportDebug|x64.ActiveCfg = ExportDebug|Any CPU
		{26127EB8-E905-4FCA-B3E7-C6AFC72BA2B0}.ExportDebug|x64.Build.0 = ExportDebug|Any CPU
		{26127EB8-E905-4FCA-B3E7-C6AFC72BA2B0}.ExportDebug|x86.ActiveCfg = ExportDebug|Any CPU
		{26127EB8-E905-4FCA-B3E7-C6AFC72BA2B0}.ExportDebug|x86.Build.0 = ExportDebug|Any CPU
		{26127EB8-E905-4FCA-B3E7-C6AFC72BA2B0}.ExportRelease|Any CPU.ActiveCfg = ExportRelease|Any CPU
		{26127EB8-E905-4FCA-B3E7-C6AFC72BA2B0}.ExportRelease|Any CPU.Build.0 = ExportRelease|Any CPU
		{26127EB8-E905-4FCA-B3E7-C6AFC72BA2B0}.ExportRelease|x64.ActiveCfg = ExportRelease|Any CPU
		{26127EB8-E905-4FCA-B3E7-C6AFC72BA2B0}.ExportRelease|x64.Build.0 = ExportRelease|Any CPU
		{26127EB8-E905-4FCA-B3E7-C6AFC72BA2B0}.ExportRelease|x86.ActiveCfg = ExportRelease|Any CPU
		{26127EB8-E905-4FCA-B3E7-C6AFC72BA2B0}.ExportRelease|x86.Build.0 = ExportRelease|Any CPU
		{26127EB8-E905-4FCA-B3E7-C6AFC72BA2B0}.Release|Any CPU.ActiveCfg = Release|Any CPU
		{26127EB8-E905-4FCA-B3E7-C6AFC72BA2B0}.Release|Any CPU.Build.0 = Release|Any CPU
		{26127EB8-E905-4FCA-B3E7-C6AFC72BA2B0}.Release|x64.ActiveCfg = Release|Any CPU
		{26127EB8-E905-4FCA-B3E7-C6AFC72BA2B0}.Release|x64.Build.0 = Release|Any CPU
		{26127EB8-E905-4FCA-B3E7-C6AFC72BA2B0}.Release|x86.ActiveCfg = Release|Any CPU
		{26127EB8-E905-4FCA-B3E7-C6AFC72BA2B0}.Release|x86.Build.0 = Release|Any CPU
		{62D55327-EC6A-4B16-A458-4AF1CF9C28BD}.Debug|Any CPU.ActiveCfg = Debug|Any CPU
		{62D55327-EC6A-4B16-A458-4AF1CF9C28BD}.Debug|Any CPU.Build.0 = Debug|Any CPU
		{62D55327-EC6A-4B16-A458-4AF1CF9C28BD}.Debug|x64.ActiveCfg = Debug|Any CPU
		{62D55327-EC6A-4B16-A458-4AF1CF9C28BD}.Debug|x64.Build.0 = Debug|Any CPU
		{62D55327-EC6A-4B16-A458-4AF1CF9C28BD}.Debug|x86.ActiveCfg = Debug|Any CPU
		{62D55327-EC6A-4B16-A458-4AF1CF9C28BD}.Debug|x86.Build.0 = Debug|Any CPU
		{62D55327-EC6A-4B16-A458-4AF1CF9C28BD}.ExportDebug|Any CPU.ActiveCfg = Debug|Any CPU
		{62D55327-EC6A-4B16-A458-4AF1CF9C28BD}.ExportDebug|Any CPU.Build.0 = Debug|Any CPU
		{62D55327-EC6A-4B16-A458-4AF1CF9C28BD}.ExportDebug|x64.ActiveCfg = Debug|Any CPU
		{62D55327-EC6A-4B16-A458-4AF1CF9C28BD}.ExportDebug|x64.Build.0 = Debug|Any CPU
		{62D55327-EC6A-4B16-A458-4AF1CF9C28BD}.ExportDebug|x86.ActiveCfg = Debug|Any CPU
		{62D55327-EC6A-4B16-A458-4AF1CF9C28BD}.ExportDebug|x86.Build.0 = Debug|Any CPU
		{62D55327-EC6A-4B16-A458-4AF1CF9C28BD}.ExportRelease|Any CPU.ActiveCfg = Debug|Any CPU
		{62D55327-EC6A-4B16-A458-4AF1CF9C28BD}.ExportRelease|Any CPU.Build.0 = Debug|Any CPU
		{62D55327-EC6A-4B16-A458-4AF1CF9C28BD}.ExportRelease|x64.ActiveCfg = Debug|Any CPU
		{62D55327-EC6A-4B16-A458-4AF1CF9C28BD}.ExportRelease|x64.Build.0 = Debug|Any CPU
		{62D55327-EC6A-4B16-A458-4AF1CF9C28BD}.ExportRelease|x86.ActiveCfg = Debug|Any CPU
		{62D55327-EC6A-4B16-A458-4AF1CF9C28BD}.ExportRelease|x86.Build.0 = Debug|Any CPU
		{62D55327-EC6A-4B16-A458-4AF1CF9C28BD}.Release|Any CPU.ActiveCfg = Release|Any CPU
		{62D55327-EC6A-4B16-A458-4AF1CF9C28BD}.Release|Any CPU.Build.0 = Release|Any CPU
		{62D55327-EC6A-4B16-A458-4AF1CF9C28BD}.Release|x64.ActiveCfg = Release|Any CPU
		{62D55327-EC6A-4B16-A458-4AF1CF9C28BD}.Release|x64.Build.0 = Release|Any CPU
		{62D55327-EC6A-4B16-A458-4AF1CF9C28BD}.Release|x86.ActiveCfg = Release|Any CPU
		{62D55327-EC6A-4B16-A458-4AF1CF9C28BD}.Release|x86.Build.0 = Release|Any CPU
		{050287DC-9758-4567-A72E-FE19BE3B49C8}.Debug|Any CPU.ActiveCfg = Debug|Any CPU
		{050287DC-9758-4567-A72E-FE19BE3B49C8}.Debug|Any CPU.Build.0 = Debug|Any CPU
		{050287DC-9758-4567-A72E-FE19BE3B49C8}.Debug|x64.ActiveCfg = Debug|Any CPU
		{050287DC-9758-4567-A72E-FE19BE3B49C8}.Debug|x64.Build.0 = Debug|Any CPU
		{050287DC-9758-4567-A72E-FE19BE3B49C8}.Debug|x86.ActiveCfg = Debug|Any CPU
		{050287DC-9758-4567-A72E-FE19BE3B49C8}.Debug|x86.Build.0 = Debug|Any CPU
		{050287DC-9758-4567-A72E-FE19BE3B49C8}.ExportDebug|Any CPU.ActiveCfg = ExportDebug|Any CPU
		{050287DC-9758-4567-A72E-FE19BE3B49C8}.ExportDebug|Any CPU.Build.0 = ExportDebug|Any CPU
		{050287DC-9758-4567-A72E-FE19BE3B49C8}.ExportDebug|x64.ActiveCfg = ExportDebug|Any CPU
		{050287DC-9758-4567-A72E-FE19BE3B49C8}.ExportDebug|x64.Build.0 = ExportDebug|Any CPU
		{050287DC-9758-4567-A72E-FE19BE3B49C8}.ExportDebug|x86.ActiveCfg = ExportDebug|Any CPU
		{050287DC-9758-4567-A72E-FE19BE3B49C8}.ExportDebug|x86.Build.0 = ExportDebug|Any CPU
		{050287DC-9758-4567-A72E-FE19BE3B49C8}.ExportRelease|Any CPU.ActiveCfg = ExportRelease|Any CPU
		{050287DC-9758-4567-A72E-FE19BE3B49C8}.ExportRelease|Any CPU.Build.0 = ExportRelease|Any CPU
		{050287DC-9758-4567-A72E-FE19BE3B49C8}.ExportRelease|x64.ActiveCfg = ExportRelease|Any CPU
		{050287DC-9758-4567-A72E-FE19BE3B49C8}.ExportRelease|x64.Build.0 = ExportRelease|Any CPU
		{050287DC-9758-4567-A72E-FE19BE3B49C8}.ExportRelease|x86.ActiveCfg = ExportRelease|Any CPU
		{050287DC-9758-4567-A72E-FE19BE3B49C8}.ExportRelease|x86.Build.0 = ExportRelease|Any CPU
		{050287DC-9758-4567-A72E-FE19BE3B49C8}.Release|Any CPU.ActiveCfg = Debug|Any CPU
		{050287DC-9758-4567-A72E-FE19BE3B49C8}.Release|Any CPU.Build.0 = Debug|Any CPU
		{050287DC-9758-4567-A72E-FE19BE3B49C8}.Release|x64.ActiveCfg = Debug|Any CPU
		{050287DC-9758-4567-A72E-FE19BE3B49C8}.Release|x64.Build.0 = Debug|Any CPU
		{050287DC-9758-4567-A72E-FE19BE3B49C8}.Release|x86.ActiveCfg = Debug|Any CPU
		{050287DC-9758-4567-A72E-FE19BE3B49C8}.Release|x86.Build.0 = Debug|Any CPU
		{672E3395-90B3-4651-89F0-AA8F380768F6}.Debug|Any CPU.ActiveCfg = Debug|Any CPU
		{672E3395-90B3-4651-89F0-AA8F380768F6}.Debug|Any CPU.Build.0 = Debug|Any CPU
		{672E3395-90B3-4651-89F0-AA8F380768F6}.Debug|x64.ActiveCfg = Debug|Any CPU
		{672E3395-90B3-4651-89F0-AA8F380768F6}.Debug|x64.Build.0 = Debug|Any CPU
		{672E3395-90B3-4651-89F0-AA8F380768F6}.Debug|x86.ActiveCfg = Debug|Any CPU
		{672E3395-90B3-4651-89F0-AA8F380768F6}.Debug|x86.Build.0 = Debug|Any CPU
		{672E3395-90B3-4651-89F0-AA8F380768F6}.ExportDebug|Any CPU.ActiveCfg = Debug|Any CPU
		{672E3395-90B3-4651-89F0-AA8F380768F6}.ExportDebug|Any CPU.Build.0 = Debug|Any CPU
		{672E3395-90B3-4651-89F0-AA8F380768F6}.ExportDebug|x64.ActiveCfg = Debug|Any CPU
		{672E3395-90B3-4651-89F0-AA8F380768F6}.ExportDebug|x64.Build.0 = Debug|Any CPU
		{672E3395-90B3-4651-89F0-AA8F380768F6}.ExportDebug|x86.ActiveCfg = Debug|Any CPU
		{672E3395-90B3-4651-89F0-AA8F380768F6}.ExportDebug|x86.Build.0 = Debug|Any CPU
		{672E3395-90B3-4651-89F0-AA8F380768F6}.ExportRelease|Any CPU.ActiveCfg = Debug|Any CPU
		{672E3395-90B3-4651-89F0-AA8F380768F6}.ExportRelease|Any CPU.Build.0 = Debug|Any CPU
		{672E3395-90B3-4651-89F0-AA8F380768F6}.ExportRelease|x64.ActiveCfg = Debug|Any CPU
		{672E3395-90B3-4651-89F0-AA8F380768F6}.ExportRelease|x64.Build.0 = Debug|Any CPU
		{672E3395-90B3-4651-89F0-AA8F380768F6}.ExportRelease|x86.ActiveCfg = Debug|Any CPU
		{672E3395-90B3-4651-89F0-AA8F380768F6}.ExportRelease|x86.Build.0 = Debug|Any CPU
		{672E3395-90B3-4651-89F0-AA8F380768F6}.Release|Any CPU.ActiveCfg = Release|Any CPU
		{672E3395-90B3-4651-89F0-AA8F380768F6}.Release|Any CPU.Build.0 = Release|Any CPU
		{672E3395-90B3-4651-89F0-AA8F380768F6}.Release|x64.ActiveCfg = Release|Any CPU
		{672E3395-90B3-4651-89F0-AA8F380768F6}.Release|x64.Build.0 = Release|Any CPU
		{672E3395-90B3-4651-89F0-AA8F380768F6}.Release|x86.ActiveCfg = Release|Any CPU
		{672E3395-90B3-4651-89F0-AA8F380768F6}.Release|x86.Build.0 = Release|Any CPU
	EndGlobalSection
	GlobalSection(SolutionProperties) = preSolution
		HideSolutionNode = FALSE
	EndGlobalSection
	GlobalSection(NestedProjects) = preSolution
		{0FA8646B-F44C-C81D-9A9A-78D510B193DD} = {E1748B93-FA13-C50B-BD89-C3B777E73FCB}
		{F9534F9B-0380-EFB9-2378-289E7F40B34D} = {0FA8646B-F44C-C81D-9A9A-78D510B193DD}
		{62D55327-EC6A-4B16-A458-4AF1CF9C28BD} = {F9534F9B-0380-EFB9-2378-289E7F40B34D}
		{8D19B946-53CD-3EE5-3FED-3D0B8C31F48E} = {0FA8646B-F44C-C81D-9A9A-78D510B193DD}
		{050287DC-9758-4567-A72E-FE19BE3B49C8} = {8D19B946-53CD-3EE5-3FED-3D0B8C31F48E}
		{7CB60194-9709-1430-4E3F-C4F7DF170AA6} = {0FA8646B-F44C-C81D-9A9A-78D510B193DD}
		{672E3395-90B3-4651-89F0-AA8F380768F6} = {7CB60194-9709-1430-4E3F-C4F7DF170AA6}
	EndGlobalSection
EndGlobal
